Microsoft Visual Studio Solution File, Format Version 12.00
# Visual Studio Version 17
VisualStudioVersion = 17.5.2.0
MinimumVisualStudioVersion = 10.0.40219.1
Project("{FAE04EC0-301F-11D3-BF4B-00C04F79EFBC}") = "AutoClickTool", "AutoClickTool.csproj", "{69182D8F-E900-A451-0293-17629973F35A}"
EndProject
Global
	GlobalSection(SolutionConfigurationPlatforms) = preSolution
		Debug|Any CPU = Debug|Any CPU
		Release|Any CPU = Release|Any CPU
	EndGlobalSection
	GlobalSection(ProjectConfigurationPlatforms) = postSolution
		{69182D8F-E900-A451-0293-17629973F35A}.Debug|Any CPU.ActiveCfg = Debug|Any CPU
		{69182D8F-E900-A451-0293-17629973F35A}.Debug|Any CPU.Build.0 = Debug|Any CPU
		{69182D8F-E900-A451-0293-17629973F35A}.Release|Any CPU.ActiveCfg = Release|Any CPU
		{69182D8F-E900-A451-0293-17629973F35A}.Release|Any CPU.Build.0 = Release|Any CPU
	EndGlobalSection
	GlobalSection(SolutionProperties) = preSolution
		HideSolutionNode = FALSE
	EndGlobalSection
	GlobalSection(ExtensibilityGlobals) = postSolution
		SolutionGuid = {8D08AD95-728D-4249-BCF4-08D2481A3F4F}
	EndGlobalSection
EndGlobal
